
Microsoft Visual Studio Solution File, Format Version 12.00
# Visual Studio Version 16
VisualStudioVersion = 16.0.32901.82
MinimumVisualStudioVersion = 10.0.40219.1
Project("{FAE04EC0-301F-11D3-BF4B-00C04F79EFBC}") = "LMS_WEB_API", "LMS_WEB_API\LMS_WEB_API.csproj", "{29552859-9F13-4BCF-9C7E-B5AE99425121}"
EndProject
Global
	GlobalSection(SolutionConfigurationPlatforms) = preSolution
		Debug|Any CPU = Debug|Any CPU
		Release|Any CPU = Release|Any CPU
	EndGlobalSection
	GlobalSection(ProjectConfigurationPlatforms) = postSolution
		{29552859-9F13-4BCF-9C7E-B5AE99425121}.Debug|Any CPU.ActiveCfg = Debug|Any CPU
		{29552859-9F13-4BCF-9C7E-B5AE99425121}.Debug|Any CPU.Build.0 = Debug|Any CPU
		{29552859-9F13-4BCF-9C7E-B5AE99425121}.Release|Any CPU.ActiveCfg = Release|Any CPU
		{29552859-9F13-4BCF-9C7E-B5AE99425121}.Release|Any CPU.Build.0 = Release|Any CPU
	EndGlobalSection
	GlobalSection(SolutionProperties) = preSolution
		HideSolutionNode = FALSE
	EndGlobalSection
	GlobalSection(ExtensibilityGlobals) = postSolution
		SolutionGuid = {E5DA1D9A-8F55-4E56-AD35-28A484723EC4}
	EndGlobalSection
EndGlobal
